{
  "name": "lambda",
  "version": "1.0.0",
  "lockfileVersion": 1,
  "requires": true,
  "dependencies": {
    "lib_with_lock_file": {
      "version": "file:../INVALID_DIR",
      "requires": {
        "lib": "file:../lib_INVALID_DIR"
      },
      "dependencies": {
        "lib": {
          "version": "file:../lib_INVALID_DIR",
          "bundled": true
        }
      }
    }
  }
}
