{
  "name": "workspaces-monorepo",
  "version": "1.0.0",
  "lockfileVersion": 2,
  "requires": true,
  "packages": {
    "": {
      "name": "workspaces-monorepo",
      "version": "1.0.0",
      "license": "APACHE2.0",
      "workspaces": [
        "packages/*"
      ]
    },
    "node_modules/@workspaces-monorepo/fn": {
      "resolved": "packages/fn",
      "link": true
    },
    "node_modules/minimal-request-promise": {
      "version": "1.3.0",
      "resolved": "https://registry.npmjs.org/minimal-request-promise/-/minimal-request-promise-1.3.0.tgz",
      "integrity": "sha512-eaD7GFjLCG9glxI1UOXqsKjAUAau9JIMUAG+39sT/MSqJgGP3AJuYjAyEvhgYjSBiK+ROU5cPoaiwx/C6OV2uw==",
      "license": "MIT"
    },
    "packages/fn": {
      "name": "@workspaces-monorepo/fn",
      "version": "1.0.0",
      "license": "APACHE2.0",
      "dependencies": {
        "minimal-request-promise": "^1.3.0"
      }
    }
  },
  "dependencies": {
    "@workspaces-monorepo/fn": {
      "version": "file:packages/fn",
      "requires": {
        "minimal-request-promise": "^1.3.0"
      }
    },
    "minimal-request-promise": {
      "version": "1.3.0",
      "resolved": "https://registry.npmjs.org/minimal-request-promise/-/minimal-request-promise-1.3.0.tgz",
      "integrity": "sha512-eaD7GFjLCG9glxI1UOXqsKjAUAau9JIMUAG+39sT/MSqJgGP3AJuYjAyEvhgYjSBiK+ROU5cPoaiwx/C6OV2uw=="
    }
  }
}
