{
  "name": "with-deps-esbuild-typescript",
  "version": "1.0.0",
  "lockfileVersion": 2,
  "requires": true,
  "packages": {
    "": {
      "version": "1.0.0",
      "license": "APACHE2.0",
      "dependencies": {
        "@types/aws-lambda": "^8.10.76"
      },
      "devDependencies": {
        "esbuild": "^0.11.23"
      }
    },
    "node_modules/@types/aws-lambda": {
      "version": "8.10.76",
      "resolved": "https://registry.npmjs.org/@types/aws-lambda/-/aws-lambda-8.10.76.tgz",
      "integrity": "sha512-lCTyeRm3NWqSwDnoji0z82Pl0tsOpr1p+33AiNeidgarloWXh3wdiVRUuxEa+sY9S5YLOYGz5X3N3Zvpibvm5w=="
    },
    "node_modules/esbuild": {
      "version": "0.11.23",
      "resolved": "https://registry.npmjs.org/esbuild/-/esbuild-0.11.23.tgz",
      "integrity": "sha512-iaiZZ9vUF5wJV8ob1tl+5aJTrwDczlvGP0JoMmnpC2B0ppiMCu8n8gmy5ZTGl5bcG081XBVn+U+jP+mPFm5T5Q==",
      "dev": true,
      "hasInstallScript": true,
      "bin": {
        "esbuild": "bin/esbuild"
      }
    }
  },
  "dependencies": {
    "@types/aws-lambda": {
      "version": "8.10.76",
      "resolved": "https://registry.npmjs.org/@types/aws-lambda/-/aws-lambda-8.10.76.tgz",
      "integrity": "sha512-lCTyeRm3NWqSwDnoji0z82Pl0tsOpr1p+33AiNeidgarloWXh3wdiVRUuxEa+sY9S5YLOYGz5X3N3Zvpibvm5w=="
    },
    "esbuild": {
      "version": "0.11.23",
      "resolved": "https://registry.npmjs.org/esbuild/-/esbuild-0.11.23.tgz",
      "integrity": "sha512-iaiZZ9vUF5wJV8ob1tl+5aJTrwDczlvGP0JoMmnpC2B0ppiMCu8n8gmy5ZTGl5bcG081XBVn+U+jP+mPFm5T5Q==",
      "dev": true
    }
  }
}
